
Microsoft Visual Studio Solution File, Format Version 12.00
# Visual Studio 15
VisualStudioVersion = 15.0.26730.10
MinimumVisualStudioVersion = 10.0.40219.1
Project("{FAE04EC0-301F-11D3-BF4B-00C04F79EFBC}") = "Permutations", "Permutations\Permutations.csproj", "{27391C19-4A26-4B46-A3C8-F56B32B96F6D}"
EndProject
Project("{FAE04EC0-301F-11D3-BF4B-00C04F79EFBC}") = "PermutateWRep", "PermutateWRep\PermutateWRep.csproj", "{B78B4C5F-8870-43B6-8902-ADDF71B72806}"
EndProject
Project("{FAE04EC0-301F-11D3-BF4B-00C04F79EFBC}") = "Variations", "VariationsNoReps\Variations.csproj", "{2FDC2B92-272D-462E-BE5D-90261C354FAC}"
EndProject
Project("{FAE04EC0-301F-11D3-BF4B-00C04F79EFBC}") = "Combinations", "Combinations\Combinations.csproj", "{A04C6CDF-0B21-4E0E-81FE-4D09E7F11CAC}"
EndProject
Project("{FAE04EC0-301F-11D3-BF4B-00C04F79EFBC}") = "Binomial", "Binomial\Binomial.csproj", "{1A92BEB0-339F-4C11-B3E9-1551BE4885B2}"
EndProject
Global
	GlobalSection(SolutionConfigurationPlatforms) = preSolution
		Debug|Any CPU = Debug|Any CPU
		Release|Any CPU = Release|Any CPU
	EndGlobalSection
	GlobalSection(ProjectConfigurationPlatforms) = postSolution
		{27391C19-4A26-4B46-A3C8-F56B32B96F6D}.Debug|Any CPU.ActiveCfg = Debug|Any CPU
		{27391C19-4A26-4B46-A3C8-F56B32B96F6D}.Debug|Any CPU.Build.0 = Debug|Any CPU
		{27391C19-4A26-4B46-A3C8-F56B32B96F6D}.Release|Any CPU.ActiveCfg = Release|Any CPU
		{27391C19-4A26-4B46-A3C8-F56B32B96F6D}.Release|Any CPU.Build.0 = Release|Any CPU
		{B78B4C5F-8870-43B6-8902-ADDF71B72806}.Debug|Any CPU.ActiveCfg = Debug|Any CPU
		{B78B4C5F-8870-43B6-8902-ADDF71B72806}.Debug|Any CPU.Build.0 = Debug|Any CPU
		{B78B4C5F-8870-43B6-8902-ADDF71B72806}.Release|Any CPU.ActiveCfg = Release|Any CPU
		{B78B4C5F-8870-43B6-8902-ADDF71B72806}.Release|Any CPU.Build.0 = Release|Any CPU
		{2FDC2B92-272D-462E-BE5D-90261C354FAC}.Debug|Any CPU.ActiveCfg = Debug|Any CPU
		{2FDC2B92-272D-462E-BE5D-90261C354FAC}.Debug|Any CPU.Build.0 = Debug|Any CPU
		{2FDC2B92-272D-462E-BE5D-90261C354FAC}.Release|Any CPU.ActiveCfg = Release|Any CPU
		{2FDC2B92-272D-462E-BE5D-90261C354FAC}.Release|Any CPU.Build.0 = Release|Any CPU
		{A04C6CDF-0B21-4E0E-81FE-4D09E7F11CAC}.Debug|Any CPU.ActiveCfg = Debug|Any CPU
		{A04C6CDF-0B21-4E0E-81FE-4D09E7F11CAC}.Debug|Any CPU.Build.0 = Debug|Any CPU
		{A04C6CDF-0B21-4E0E-81FE-4D09E7F11CAC}.Release|Any CPU.ActiveCfg = Release|Any CPU
		{A04C6CDF-0B21-4E0E-81FE-4D09E7F11CAC}.Release|Any CPU.Build.0 = Release|Any CPU
		{1A92BEB0-339F-4C11-B3E9-1551BE4885B2}.Debug|Any CPU.ActiveCfg = Debug|Any CPU
		{1A92BEB0-339F-4C11-B3E9-1551BE4885B2}.Debug|Any CPU.Build.0 = Debug|Any CPU
		{1A92BEB0-339F-4C11-B3E9-1551BE4885B2}.Release|Any CPU.ActiveCfg = Release|Any CPU
		{1A92BEB0-339F-4C11-B3E9-1551BE4885B2}.Release|Any CPU.Build.0 = Release|Any CPU
	EndGlobalSection
	GlobalSection(SolutionProperties) = preSolution
		HideSolutionNode = FALSE
	EndGlobalSection
	GlobalSection(ExtensibilityGlobals) = postSolution
		SolutionGuid = {AB228F93-935D-4FAB-83BB-504AACD4E490}
	EndGlobalSection
EndGlobal
