
Microsoft Visual Studio Solution File, Format Version 12.00
# Visual Studio 15
VisualStudioVersion = 15.0.26730.10
MinimumVisualStudioVersion = 10.0.40219.1
Project("{FAE04EC0-301F-11D3-BF4B-00C04F79EFBC}") = "Fibonacci", "DynamicProgramming\Fibonacci.csproj", "{B0207C71-2177-4FD7-BFA2-5A726C17B6D1}"
EndProject
Project("{FAE04EC0-301F-11D3-BF4B-00C04F79EFBC}") = "LongestSequence", "LongestSequence\LongestSequence.csproj", "{012887DB-F88B-4AD4-9CE7-C5580D93870C}"
EndProject
Project("{FAE04EC0-301F-11D3-BF4B-00C04F79EFBC}") = "DownRightSum", "DownRightSum\DownRightSum.csproj", "{3DC9DF91-0167-4CA0-AA16-60F36080CF28}"
EndProject
Project("{FAE04EC0-301F-11D3-BF4B-00C04F79EFBC}") = "RodCutting", "RodCutting\RodCutting.csproj", "{AF1BDD13-3875-4032-9FF8-C72A475D310D}"
EndProject
Global
	GlobalSection(SolutionConfigurationPlatforms) = preSolution
		Debug|Any CPU = Debug|Any CPU
		Release|Any CPU = Release|Any CPU
	EndGlobalSection
	GlobalSection(ProjectConfigurationPlatforms) = postSolution
		{B0207C71-2177-4FD7-BFA2-5A726C17B6D1}.Debug|Any CPU.ActiveCfg = Debug|Any CPU
		{B0207C71-2177-4FD7-BFA2-5A726C17B6D1}.Debug|Any CPU.Build.0 = Debug|Any CPU
		{B0207C71-2177-4FD7-BFA2-5A726C17B6D1}.Release|Any CPU.ActiveCfg = Release|Any CPU
		{B0207C71-2177-4FD7-BFA2-5A726C17B6D1}.Release|Any CPU.Build.0 = Release|Any CPU
		{012887DB-F88B-4AD4-9CE7-C5580D93870C}.Debug|Any CPU.ActiveCfg = Debug|Any CPU
		{012887DB-F88B-4AD4-9CE7-C5580D93870C}.Debug|Any CPU.Build.0 = Debug|Any CPU
		{012887DB-F88B-4AD4-9CE7-C5580D93870C}.Release|Any CPU.ActiveCfg = Release|Any CPU
		{012887DB-F88B-4AD4-9CE7-C5580D93870C}.Release|Any CPU.Build.0 = Release|Any CPU
		{3DC9DF91-0167-4CA0-AA16-60F36080CF28}.Debug|Any CPU.ActiveCfg = Debug|Any CPU
		{3DC9DF91-0167-4CA0-AA16-60F36080CF28}.Debug|Any CPU.Build.0 = Debug|Any CPU
		{3DC9DF91-0167-4CA0-AA16-60F36080CF28}.Release|Any CPU.ActiveCfg = Release|Any CPU
		{3DC9DF91-0167-4CA0-AA16-60F36080CF28}.Release|Any CPU.Build.0 = Release|Any CPU
		{AF1BDD13-3875-4032-9FF8-C72A475D310D}.Debug|Any CPU.ActiveCfg = Debug|Any CPU
		{AF1BDD13-3875-4032-9FF8-C72A475D310D}.Debug|Any CPU.Build.0 = Debug|Any CPU
		{AF1BDD13-3875-4032-9FF8-C72A475D310D}.Release|Any CPU.ActiveCfg = Release|Any CPU
		{AF1BDD13-3875-4032-9FF8-C72A475D310D}.Release|Any CPU.Build.0 = Release|Any CPU
	EndGlobalSection
	GlobalSection(SolutionProperties) = preSolution
		HideSolutionNode = FALSE
	EndGlobalSection
	GlobalSection(ExtensibilityGlobals) = postSolution
		SolutionGuid = {39EBCEB1-D23D-4CF3-8802-AE4878353CFE}
	EndGlobalSection
EndGlobal
