
Microsoft Visual Studio Solution File, Format Version 12.00
# Visual Studio 15
VisualStudioVersion = 15.0.26730.10
MinimumVisualStudioVersion = 10.0.40219.1
Project("{FAE04EC0-301F-11D3-BF4B-00C04F79EFBC}") = "SortingNSearching", "SortingNSearching\SortingNSearching.csproj", "{0A882956-8E8F-48A4-A1B1-9BD6191754E9}"
EndProject
Project("{FAE04EC0-301F-11D3-BF4B-00C04F79EFBC}") = "Recursion", "Recusrion\Recursion.csproj", "{DB3DEB20-5866-44C4-8257-CC429551608F}"
EndProject
Global
	GlobalSection(SolutionConfigurationPlatforms) = preSolution
		Debug|Any CPU = Debug|Any CPU
		Release|Any CPU = Release|Any CPU
	EndGlobalSection
	GlobalSection(ProjectConfigurationPlatforms) = postSolution
		{0A882956-8E8F-48A4-A1B1-9BD6191754E9}.Debug|Any CPU.ActiveCfg = Debug|Any CPU
		{0A882956-8E8F-48A4-A1B1-9BD6191754E9}.Debug|Any CPU.Build.0 = Debug|Any CPU
		{0A882956-8E8F-48A4-A1B1-9BD6191754E9}.Release|Any CPU.ActiveCfg = Release|Any CPU
		{0A882956-8E8F-48A4-A1B1-9BD6191754E9}.Release|Any CPU.Build.0 = Release|Any CPU
		{DB3DEB20-5866-44C4-8257-CC429551608F}.Debug|Any CPU.ActiveCfg = Debug|Any CPU
		{DB3DEB20-5866-44C4-8257-CC429551608F}.Debug|Any CPU.Build.0 = Debug|Any CPU
		{DB3DEB20-5866-44C4-8257-CC429551608F}.Release|Any CPU.ActiveCfg = Release|Any CPU
		{DB3DEB20-5866-44C4-8257-CC429551608F}.Release|Any CPU.Build.0 = Release|Any CPU
	EndGlobalSection
	GlobalSection(SolutionProperties) = preSolution
		HideSolutionNode = FALSE
	EndGlobalSection
	GlobalSection(ExtensibilityGlobals) = postSolution
		SolutionGuid = {F66DD3D7-6A55-460A-A7D5-3EE462E95161}
	EndGlobalSection
EndGlobal
